
Microsoft Visual Studio Solution File, Format Version 12.00
# Visual Studio Version 17
VisualStudioVersion = 17.13.35919.96 d17.13
MinimumVisualStudioVersion = 10.0.40219.1
Project("{FAE04EC0-301F-11D3-BF4B-00C04F79EFBC}") = "lab5", "lab5\lab5.csproj", "{3704F2EB-E5B1-494B-967A-D91C948034D3}"
EndProject
Global
	GlobalSection(SolutionConfigurationPlatforms) = preSolution
		Debug|Any CPU = Debug|Any CPU
		Release|Any CPU = Release|Any CPU
	EndGlobalSection
	GlobalSection(ProjectConfigurationPlatforms) = postSolution
		{3704F2EB-E5B1-494B-967A-D91C948034D3}.Debug|Any CPU.ActiveCfg = Debug|Any CPU
		{3704F2EB-E5B1-494B-967A-D91C948034D3}.Debug|Any CPU.Build.0 = Debug|Any CPU
		{3704F2EB-E5B1-494B-967A-D91C948034D3}.Release|Any CPU.ActiveCfg = Release|Any CPU
		{3704F2EB-E5B1-494B-967A-D91C948034D3}.Release|Any CPU.Build.0 = Release|Any CPU
	EndGlobalSection
	GlobalSection(SolutionProperties) = preSolution
		HideSolutionNode = FALSE
	EndGlobalSection
	GlobalSection(ExtensibilityGlobals) = postSolution
		SolutionGuid = {3615F05E-D5E7-403F-BC7E-6ECC7B7749FA}
	EndGlobalSection
EndGlobal
