
Microsoft Visual Studio Solution File, Format Version 12.00
# Visual Studio Version 17
VisualStudioVersion = 17.13.35919.96 d17.13
MinimumVisualStudioVersion = 10.0.40219.1
Project("{FAE04EC0-301F-11D3-BF4B-00C04F79EFBC}") = "3lab", "3lab\3lab.csproj", "{DACFC848-FF6F-4482-A1B1-92CCB1BF8107}"
EndProject
Global
	GlobalSection(SolutionConfigurationPlatforms) = preSolution
		Debug|Any CPU = Debug|Any CPU
		Release|Any CPU = Release|Any CPU
	EndGlobalSection
	GlobalSection(ProjectConfigurationPlatforms) = postSolution
		{DACFC848-FF6F-4482-A1B1-92CCB1BF8107}.Debug|Any CPU.ActiveCfg = Debug|Any CPU
		{DACFC848-FF6F-4482-A1B1-92CCB1BF8107}.Debug|Any CPU.Build.0 = Debug|Any CPU
		{DACFC848-FF6F-4482-A1B1-92CCB1BF8107}.Release|Any CPU.ActiveCfg = Release|Any CPU
		{DACFC848-FF6F-4482-A1B1-92CCB1BF8107}.Release|Any CPU.Build.0 = Release|Any CPU
	EndGlobalSection
	GlobalSection(SolutionProperties) = preSolution
		HideSolutionNode = FALSE
	EndGlobalSection
	GlobalSection(ExtensibilityGlobals) = postSolution
		SolutionGuid = {AE02C866-13ED-4D33-973B-B2E36123454B}
	EndGlobalSection
EndGlobal
