
Microsoft Visual Studio Solution File, Format Version 12.00
# Visual Studio Version 17
VisualStudioVersion = 17.13.35919.96 d17.13
MinimumVisualStudioVersion = 10.0.40219.1
Project("{FAE04EC0-301F-11D3-BF4B-00C04F79EFBC}") = "lab6", "lab6\lab6.csproj", "{C068CC5A-D3ED-4332-83BD-7AA1500D0CC3}"
EndProject
Global
	GlobalSection(SolutionConfigurationPlatforms) = preSolution
		Debug|Any CPU = Debug|Any CPU
		Release|Any CPU = Release|Any CPU
	EndGlobalSection
	GlobalSection(ProjectConfigurationPlatforms) = postSolution
		{C068CC5A-D3ED-4332-83BD-7AA1500D0CC3}.Debug|Any CPU.ActiveCfg = Debug|Any CPU
		{C068CC5A-D3ED-4332-83BD-7AA1500D0CC3}.Debug|Any CPU.Build.0 = Debug|Any CPU
		{C068CC5A-D3ED-4332-83BD-7AA1500D0CC3}.Release|Any CPU.ActiveCfg = Release|Any CPU
		{C068CC5A-D3ED-4332-83BD-7AA1500D0CC3}.Release|Any CPU.Build.0 = Release|Any CPU
	EndGlobalSection
	GlobalSection(SolutionProperties) = preSolution
		HideSolutionNode = FALSE
	EndGlobalSection
	GlobalSection(ExtensibilityGlobals) = postSolution
		SolutionGuid = {D25ADA4E-9B8D-42D1-83B1-7A83E9DD58F5}
	EndGlobalSection
EndGlobal
